{
  "name": "file-ez",
  "version": "1.0.0",
  "lockfileVersion": 2,
  "requires": true,
  "packages": {
    "": {
      "name": "file-ez",
      "version": "1.0.0",
      "license": "MIT",
      "dependencies": {
        "caller": "^1.0.1"
      }
    },
    "node_modules/caller": {
      "version": "1.0.1",
      "resolved": "https://registry.npmjs.org/caller/-/caller-1.0.1.tgz",
      "integrity": "sha1-uFGGD3Dhlds9J3OVqhp+I+ow7PU="
    }
  },
  "dependencies": {
    "caller": {
      "version": "1.0.1",
      "resolved": "https://registry.npmjs.org/caller/-/caller-1.0.1.tgz",
      "integrity": "sha1-uFGGD3Dhlds9J3OVqhp+I+ow7PU="
    }
  }
}
